
Microsoft Visual Studio Solution File, Format Version 11.00
# Visual Studio 2010
Project("{FAE04EC0-301F-11D3-BF4B-00C04F79EFBC}") = "PADL", "PADL\PADL.csproj", "{78F6CD61-F75C-4F03-B66C-D10A74E5BA9B}"
EndProject
Global
	GlobalSection(SolutionConfigurationPlatforms) = preSolution
		Debug|Any CPU = Debug|Any CPU
		Release|Any CPU = Release|Any CPU
	EndGlobalSection
	GlobalSection(ProjectConfigurationPlatforms) = postSolution
		{78F6CD61-F75C-4F03-B66C-D10A74E5BA9B}.Debug|Any CPU.ActiveCfg = Debug|Any CPU
		{78F6CD61-F75C-4F03-B66C-D10A74E5BA9B}.Debug|Any CPU.Build.0 = Debug|Any CPU
		{78F6CD61-F75C-4F03-B66C-D10A74E5BA9B}.Debug|Any CPU.Deploy.0 = Debug|Any CPU
		{78F6CD61-F75C-4F03-B66C-D10A74E5BA9B}.Release|Any CPU.ActiveCfg = Release|Any CPU
		{78F6CD61-F75C-4F03-B66C-D10A74E5BA9B}.Release|Any CPU.Build.0 = Release|Any CPU
		{78F6CD61-F75C-4F03-B66C-D10A74E5BA9B}.Release|Any CPU.Deploy.0 = Release|Any CPU
	EndGlobalSection
	GlobalSection(SolutionProperties) = preSolution
		HideSolutionNode = FALSE
	EndGlobalSection
EndGlobal
